
Microsoft Visual Studio Solution File, Format Version 12.00
# Visual Studio Version 16
VisualStudioVersion = 16.0.28922.388
MinimumVisualStudioVersion = 10.0.40219.1
Project("{FAE04EC0-301F-11D3-BF4B-00C04F79EFBC}") = "ErrorCheckingExperiment", "ErrorCheckingExperiment\ErrorCheckingExperiment.csproj", "{8AFCCBFF-976B-4396-B569-5F088D0503BA}"
EndProject
Global
	GlobalSection(SolutionConfigurationPlatforms) = preSolution
		Debug|Any CPU = Debug|Any CPU
		Release|Any CPU = Release|Any CPU
	EndGlobalSection
	GlobalSection(ProjectConfigurationPlatforms) = postSolution
		{8AFCCBFF-976B-4396-B569-5F088D0503BA}.Debug|Any CPU.ActiveCfg = Debug|Any CPU
		{8AFCCBFF-976B-4396-B569-5F088D0503BA}.Debug|Any CPU.Build.0 = Debug|Any CPU
		{8AFCCBFF-976B-4396-B569-5F088D0503BA}.Release|Any CPU.ActiveCfg = Release|Any CPU
		{8AFCCBFF-976B-4396-B569-5F088D0503BA}.Release|Any CPU.Build.0 = Release|Any CPU
	EndGlobalSection
	GlobalSection(SolutionProperties) = preSolution
		HideSolutionNode = FALSE
	EndGlobalSection
	GlobalSection(ExtensibilityGlobals) = postSolution
		SolutionGuid = {FAE9582A-68C1-4A93-8149-82C2A3544197}
	EndGlobalSection
EndGlobal
